// !$*UTF8*$!
{
	archiveVersion = 1;
	classes = {
	};
	objectVersion = 50;
	objects = {

/* Begin PBXBuildFile section */
		F22994F625FFB72D0037B97C /* RecipeDetailView.swift in Sources */ = {isa = PBXBuildFile; fileRef = F22994F525FFB72D0037B97C /* RecipeDetailView.swift */; };
		F22994FA25FFC2250037B97C /* MainTabView.swift in Sources */ = {isa = PBXBuildFile; fileRef = F22994F925FFC2250037B97C /* MainTabView.swift */; };
		F22994FD25FFC2820037B97C /* ModifyRecipeView.swift in Sources */ = {isa = PBXBuildFile; fileRef = F22994FC25FFC2820037B97C /* ModifyRecipeView.swift */; };
		F229950025FFE5510037B97C /* RecipeMainInfoView.swift in Sources */ = {isa = PBXBuildFile; fileRef = F22994FF25FFE5510037B97C /* RecipeMainInfoView.swift */; };
		F22995232601154C0037B97C /* IngredientsListView.swift in Sources */ = {isa = PBXBuildFile; fileRef = F22995222601154C0037B97C /* IngredientsListView.swift */; };
		F248EA732603EFA40078D08F /* AddElementsView.swift in Sources */ = {isa = PBXBuildFile; fileRef = F248EA722603EFA40078D08F /* AddElementsView.swift */; };
		F27677352604F917008CDD4A /* Array+RawRepresentable.swift in Sources */ = {isa = PBXBuildFile; fileRef = F27677342604F917008CDD4A /* Array+RawRepresentable.swift */; };
		F27677382604FAD8008CDD4A /* SettingsView.swift in Sources */ = {isa = PBXBuildFile; fileRef = F27677372604FAD8008CDD4A /* SettingsView.swift */; };
		F276773F260508BA008CDD4A /* RecipeData.swift in Sources */ = {isa = PBXBuildFile; fileRef = F276773E260508BA008CDD4A /* RecipeData.swift */; };
		F28B9E992602959F0061E501 /* AddNewIngredientView.swift in Sources */ = {isa = PBXBuildFile; fileRef = F28B9E982602959F0061E501 /* AddNewIngredientView.swift */; };
		F28B9E9F2603A9760061E501 /* AddNewDirectionView.swift in Sources */ = {isa = PBXBuildFile; fileRef = F28B9E9E2603A9760061E501 /* AddNewDirectionView.swift */; };
		F2C005DF25F6C4E10025162A /* Swiftui_project_2_v1App.swift in Sources */ = {isa = PBXBuildFile; fileRef = F2C005DE25F6C4E10025162A /* Swiftui_project_2_v1App.swift */; };
		F2C005E125F6C4E10025162A /* RecipesList.swift in Sources */ = {isa = PBXBuildFile; fileRef = F2C005E025F6C4E10025162A /* RecipesList.swift */; };
		F2C005E325F6C4E20025162A /* Assets.xcassets in Resources */ = {isa = PBXBuildFile; fileRef = F2C005E225F6C4E20025162A /* Assets.xcassets */; };
		F2C005E625F6C4E20025162A /* Preview Assets.xcassets in Resources */ = {isa = PBXBuildFile; fileRef = F2C005E525F6C4E20025162A /* Preview Assets.xcassets */; };
		F2C005EF25F6C4F90025162A /* Recipe.swift in Sources */ = {isa = PBXBuildFile; fileRef = F2C005EE25F6C4F90025162A /* Recipe.swift */; };
/* End PBXBuildFile section */

/* Begin PBXFileReference section */
		F22994F525FFB72D0037B97C /* RecipeDetailView.swift */ = {isa = PBXFileReference; lastKnownFileType = sourcecode.swift; path = RecipeDetailView.swift; sourceTree = "<group>"; };
		F22994F925FFC2250037B97C /* MainTabView.swift */ = {isa = PBXFileReference; lastKnownFileType = sourcecode.swift; path = MainTabView.swift; sourceTree = "<group>"; };
		F22994FC25FFC2820037B97C /* ModifyRecipeView.swift */ = {isa = PBXFileReference; lastKnownFileType = sourcecode.swift; path = ModifyRecipeView.swift; sourceTree = "<group>"; };
		F22994FF25FFE5510037B97C /* RecipeMainInfoView.swift */ = {isa = PBXFileReference; lastKnownFileType = sourcecode.swift; path = RecipeMainInfoView.swift; sourceTree = "<group>"; };
		F22995222601154C0037B97C /* IngredientsListView.swift */ = {isa = PBXFileReference; lastKnownFileType = sourcecode.swift; path = IngredientsListView.swift; sourceTree = "<group>"; };
		F248EA722603EFA40078D08F /* AddElementsView.swift */ = {isa = PBXFileReference; lastKnownFileType = sourcecode.swift; path = AddElementsView.swift; sourceTree = "<group>"; };
		F27677342604F917008CDD4A /* Array+RawRepresentable.swift */ = {isa = PBXFileReference; lastKnownFileType = sourcecode.swift; path = "Array+RawRepresentable.swift"; sourceTree = "<group>"; };
		F27677372604FAD8008CDD4A /* SettingsView.swift */ = {isa = PBXFileReference; lastKnownFileType = sourcecode.swift; path = SettingsView.swift; sourceTree = "<group>"; };
		F276773E260508BA008CDD4A /* RecipeData.swift */ = {isa = PBXFileReference; lastKnownFileType = sourcecode.swift; path = RecipeData.swift; sourceTree = "<group>"; };
		F28B9E982602959F0061E501 /* AddNewIngredientView.swift */ = {isa = PBXFileReference; lastKnownFileType = sourcecode.swift; path = AddNewIngredientView.swift; sourceTree = "<group>"; };
		F28B9E9E2603A9760061E501 /* AddNewDirectionView.swift */ = {isa = PBXFileReference; lastKnownFileType = sourcecode.swift; path = AddNewDirectionView.swift; sourceTree = "<group>"; };
		F2C005DB25F6C4E10025162A /* Swiftui-project-2-v1.app */ = {isa = PBXFileReference; explicitFileType = wrapper.application; includeInIndex = 0; path = "Swiftui-project-2-v1.app"; sourceTree = BUILT_PRODUCTS_DIR; };
		F2C005DE25F6C4E10025162A /* Swiftui_project_2_v1App.swift */ = {isa = PBXFileReference; lastKnownFileType = sourcecode.swift; path = Swiftui_project_2_v1App.swift; sourceTree = "<group>"; };
		F2C005E025F6C4E10025162A /* RecipesList.swift */ = {isa = PBXFileReference; lastKnownFileType = sourcecode.swift; path = RecipesList.swift; sourceTree = "<group>"; };
		F2C005E225F6C4E20025162A /* Assets.xcassets */ = {isa = PBXFileReference; lastKnownFileType = folder.assetcatalog; path = Assets.xcassets; sourceTree = "<group>"; };
		F2C005E525F6C4E20025162A /* Preview Assets.xcassets */ = {isa = PBXFileReference; lastKnownFileType = folder.assetcatalog; path = "Preview Assets.xcassets"; sourceTree = "<group>"; };
		F2C005E725F6C4E20025162A /* Info.plist */ = {isa = PBXFileReference; lastKnownFileType = text.plist.xml; path = Info.plist; sourceTree = "<group>"; };
		F2C005EE25F6C4F90025162A /* Recipe.swift */ = {isa = PBXFileReference; lastKnownFileType = sourcecode.swift; path = Recipe.swift; sourceTree = "<group>"; };
/* End PBXFileReference section */

/* Begin PBXFrameworksBuildPhase section */
		F2C005D825F6C4E10025162A /* Frameworks */ = {
			isa = PBXFrameworksBuildPhase;
			buildActionMask = 2147483647;
			files = (
			);
			runOnlyForDeploymentPostprocessing = 0;
		};
/* End PBXFrameworksBuildPhase section */

/* Begin PBXGroup section */
		F276773B2604FDDC008CDD4A /* Models */ = {
			isa = PBXGroup;
			children = (
				F2C005EE25F6C4F90025162A /* Recipe.swift */,
				F276773E260508BA008CDD4A /* RecipeData.swift */,
				F27677342604F917008CDD4A /* Array+RawRepresentable.swift */,
			);
			path = Models;
			sourceTree = "<group>";
		};
		F2B15F112601505D00F84A84 /* CreateRecipe */ = {
			isa = PBXGroup;
			children = (
				F22994FC25FFC2820037B97C /* ModifyRecipeView.swift */,
				F22994FF25FFE5510037B97C /* RecipeMainInfoView.swift */,
				F248EA722603EFA40078D08F /* AddElementsView.swift */,
				F28B9E982602959F0061E501 /* AddNewIngredientView.swift */,
				F28B9E9E2603A9760061E501 /* AddNewDirectionView.swift */,
			);
			path = CreateRecipe;
			sourceTree = "<group>";
		};
		F2B15F132601507900F84A84 /* ExploreRecipes */ = {
			isa = PBXGroup;
			children = (
				F2C005E025F6C4E10025162A /* RecipesList.swift */,
				F22994F525FFB72D0037B97C /* RecipeDetailView.swift */,
				F22995222601154C0037B97C /* IngredientsListView.swift */,
			);
			path = ExploreRecipes;
			sourceTree = "<group>";
		};
		F2C005D225F6C4E10025162A = {
			isa = PBXGroup;
			children = (
				F2C005DD25F6C4E10025162A /* Swiftui-project-2-v1 */,
				F2C005DC25F6C4E10025162A /* Products */,
			);
			sourceTree = "<group>";
		};
		F2C005DC25F6C4E10025162A /* Products */ = {
			isa = PBXGroup;
			children = (
				F2C005DB25F6C4E10025162A /* Swiftui-project-2-v1.app */,
			);
			name = Products;
			sourceTree = "<group>";
		};
		F2C005DD25F6C4E10025162A /* Swiftui-project-2-v1 */ = {
			isa = PBXGroup;
			children = (
				F2C005DE25F6C4E10025162A /* Swiftui_project_2_v1App.swift */,
				F22994F925FFC2250037B97C /* MainTabView.swift */,
				F276773B2604FDDC008CDD4A /* Models */,
				F27677372604FAD8008CDD4A /* SettingsView.swift */,
				F2B15F132601507900F84A84 /* ExploreRecipes */,
				F2B15F112601505D00F84A84 /* CreateRecipe */,
				F2C005E225F6C4E20025162A /* Assets.xcassets */,
				F2C005E725F6C4E20025162A /* Info.plist */,
				F2C005E425F6C4E20025162A /* Preview Content */,
			);
			path = "Swiftui-project-2-v1";
			sourceTree = "<group>";
		};
		F2C005E425F6C4E20025162A /* Preview Content */ = {
			isa = PBXGroup;
			children = (
				F2C005E525F6C4E20025162A /* Preview Assets.xcassets */,
			);
			path = "Preview Content";
			sourceTree = "<group>";
		};
/* End PBXGroup section */

/* Begin PBXNativeTarget section */
		F2C005DA25F6C4E10025162A /* Swiftui-project-2-v1 */ = {
			isa = PBXNativeTarget;
			buildConfigurationList = F2C005EA25F6C4E20025162A /* Build configuration list for PBXNativeTarget "Swiftui-project-2-v1" */;
			buildPhases = (
				F2C005D725F6C4E10025162A /* Sources */,
				F2C005D825F6C4E10025162A /* Frameworks */,
				F2C005D925F6C4E10025162A /* Resources */,
			);
			buildRules = (
			);
			dependencies = (
			);
			name = "Swiftui-project-2-v1";
			productName = "Swiftui-project-2-v1";
			productReference = F2C005DB25F6C4E10025162A /* Swiftui-project-2-v1.app */;
			productType = "com.apple.product-type.application";
		};
/* End PBXNativeTarget section */

/* Begin PBXProject section */
		F2C005D325F6C4E10025162A /* Project object */ = {
			isa = PBXProject;
			attributes = {
				LastSwiftUpdateCheck = 1240;
				LastUpgradeCheck = 1240;
				TargetAttributes = {
					F2C005DA25F6C4E10025162A = {
						CreatedOnToolsVersion = 12.4;
					};
				};
			};
			buildConfigurationList = F2C005D625F6C4E10025162A /* Build configuration list for PBXProject "Swiftui-project-2-v1" */;
			compatibilityVersion = "Xcode 9.3";
			developmentRegion = en;
			hasScannedForEncodings = 0;
			knownRegions = (
				en,
				Base,
			);
			mainGroup = F2C005D225F6C4E10025162A;
			productRefGroup = F2C005DC25F6C4E10025162A /* Products */;
			projectDirPath = "";
			projectRoot = "";
			targets = (
				F2C005DA25F6C4E10025162A /* Swiftui-project-2-v1 */,
			);
		};
/* End PBXProject section */

/* Begin PBXResourcesBuildPhase section */
		F2C005D925F6C4E10025162A /* Resources */ = {
			isa = PBXResourcesBuildPhase;
			buildActionMask = 2147483647;
			files = (
				F2C005E625F6C4E20025162A /* Preview Assets.xcassets in Resources */,
				F2C005E325F6C4E20025162A /* Assets.xcassets in Resources */,
			);
			runOnlyForDeploymentPostprocessing = 0;
		};
/* End PBXResourcesBuildPhase section */

/* Begin PBXSourcesBuildPhase section */
		F2C005D725F6C4E10025162A /* Sources */ = {
			isa = PBXSourcesBuildPhase;
			buildActionMask = 2147483647;
			files = (
				F248EA732603EFA40078D08F /* AddElementsView.swift in Sources */,
				F22995232601154C0037B97C /* IngredientsListView.swift in Sources */,
				F22994FD25FFC2820037B97C /* ModifyRecipeView.swift in Sources */,
				F28B9E992602959F0061E501 /* AddNewIngredientView.swift in Sources */,
				F28B9E9F2603A9760061E501 /* AddNewDirectionView.swift in Sources */,
				F229950025FFE5510037B97C /* RecipeMainInfoView.swift in Sources */,
				F2C005EF25F6C4F90025162A /* Recipe.swift in Sources */,
				F2C005E125F6C4E10025162A /* RecipesList.swift in Sources */,
				F2C005DF25F6C4E10025162A /* Swiftui_project_2_v1App.swift in Sources */,
				F276773F260508BA008CDD4A /* RecipeData.swift in Sources */,
				F22994F625FFB72D0037B97C /* RecipeDetailView.swift in Sources */,
				F22994FA25FFC2250037B97C /* MainTabView.swift in Sources */,
				F27677352604F917008CDD4A /* Array+RawRepresentable.swift in Sources */,
				F27677382604FAD8008CDD4A /* SettingsView.swift in Sources */,
			);
			runOnlyForDeploymentPostprocessing = 0;
		};
/* End PBXSourcesBuildPhase section */

/* Begin XCBuildConfiguration section */
		F2C005E825F6C4E20025162A /* Debug */ = {
			isa = XCBuildConfiguration;
			buildSettings = {
				ALWAYS_SEARCH_USER_PATHS = NO;
				CLANG_ANALYZER_NONNULL = YES;
				CLANG_ANALYZER_NUMBER_OBJECT_CONVERSION = YES_AGGRESSIVE;
				CLANG_CXX_LANGUAGE_STANDARD = "gnu++14";
				CLANG_CXX_LIBRARY = "libc++";
				CLANG_ENABLE_MODULES = YES;
				CLANG_ENABLE_OBJC_ARC = YES;
				CLANG_ENABLE_OBJC_WEAK = YES;
				CLANG_WARN_BLOCK_CAPTURE_AUTORELEASING = YES;
				CLANG_WARN_BOOL_CONVERSION = YES;
				CLANG_WARN_COMMA = YES;
				CLANG_WARN_CONSTANT_CONVERSION = YES;
				CLANG_WARN_DEPRECATED_OBJC_IMPLEMENTATIONS = YES;
				CLANG_WARN_DIRECT_OBJC_ISA_USAGE = YES_ERROR;
				CLANG_WARN_DOCUMENTATION_COMMENTS = YES;
				CLANG_WARN_EMPTY_BODY = YES;
				CLANG_WARN_ENUM_CONVERSION = YES;
				CLANG_WARN_INFINITE_RECURSION = YES;
				CLANG_WARN_INT_CONVERSION = YES;
				CLANG_WARN_NON_LITERAL_NULL_CONVERSION = YES;
				CLANG_WARN_OBJC_IMPLICIT_RETAIN_SELF = YES;
				CLANG_WARN_OBJC_LITERAL_CONVERSION = YES;
				CLANG_WARN_OBJC_ROOT_CLASS = YES_ERROR;
				CLANG_WARN_QUOTED_INCLUDE_IN_FRAMEWORK_HEADER = YES;
				CLANG_WARN_RANGE_LOOP_ANALYSIS = YES;
				CLANG_WARN_STRICT_PROTOTYPES = YES;
				CLANG_WARN_SUSPICIOUS_MOVE = YES;
				CLANG_WARN_UNGUARDED_AVAILABILITY = YES_AGGRESSIVE;
				CLANG_WARN_UNREACHABLE_CODE = YES;
				CLANG_WARN__DUPLICATE_METHOD_MATCH = YES;
				COPY_PHASE_STRIP = NO;
				DEBUG_INFORMATION_FORMAT = dwarf;
				ENABLE_STRICT_OBJC_MSGSEND = YES;
				ENABLE_TESTABILITY = YES;
				GCC_C_LANGUAGE_STANDARD = gnu11;
				GCC_DYNAMIC_NO_PIC = NO;
				GCC_NO_COMMON_BLOCKS = YES;
				GCC_OPTIMIZATION_LEVEL = 0;
				GCC_PREPROCESSOR_DEFINITIONS = (
					"DEBUG=1",
					"$(inherited)",
				);
				GCC_WARN_64_TO_32_BIT_CONVERSION = YES;
				GCC_WARN_ABOUT_RETURN_TYPE = YES_ERROR;
				GCC_WARN_UNDECLARED_SELECTOR = YES;
				GCC_WARN_UNINITIALIZED_AUTOS = YES_AGGRESSIVE;
				GCC_WARN_UNUSED_FUNCTION = YES;
				GCC_WARN_UNUSED_VARIABLE = YES;
				IPHONEOS_DEPLOYMENT_TARGET = 14.4;
				MTL_ENABLE_DEBUG_INFO = INCLUDE_SOURCE;
				MTL_FAST_MATH = YES;
				ONLY_ACTIVE_ARCH = YES;
				SDKROOT = iphoneos;
				SWIFT_ACTIVE_COMPILATION_CONDITIONS = DEBUG;
				SWIFT_OPTIMIZATION_LEVEL = "-Onone";
			};
			name = Debug;
		};
		F2C005E925F6C4E20025162A /* Release */ = {
			isa = XCBuildConfiguration;
			buildSettings = {
				ALWAYS_SEARCH_USER_PATHS = NO;
				CLANG_ANALYZER_NONNULL = YES;
				CLANG_ANALYZER_NUMBER_OBJECT_CONVERSION = YES_AGGRESSIVE;
				CLANG_CXX_LANGUAGE_STANDARD = "gnu++14";
				CLANG_CXX_LIBRARY = "libc++";
				CLANG_ENABLE_MODULES = YES;
				CLANG_ENABLE_OBJC_ARC = YES;
				CLANG_ENABLE_OBJC_WEAK = YES;
				CLANG_WARN_BLOCK_CAPTURE_AUTORELEASING = YES;
				CLANG_WARN_BOOL_CONVERSION = YES;
				CLANG_WARN_COMMA = YES;
				CLANG_WARN_CONSTANT_CONVERSION = YES;
				CLANG_WARN_DEPRECATED_OBJC_IMPLEMENTATIONS = YES;
				CLANG_WARN_DIRECT_OBJC_ISA_USAGE = YES_ERROR;
				CLANG_WARN_DOCUMENTATION_COMMENTS = YES;
				CLANG_WARN_EMPTY_BODY = YES;
				CLANG_WARN_ENUM_CONVERSION = YES;
				CLANG_WARN_INFINITE_RECURSION = YES;
				CLANG_WARN_INT_CONVERSION = YES;
				CLANG_WARN_NON_LITERAL_NULL_CONVERSION = YES;
				CLANG_WARN_OBJC_IMPLICIT_RETAIN_SELF = YES;
				CLANG_WARN_OBJC_LITERAL_CONVERSION = YES;
				CLANG_WARN_OBJC_ROOT_CLASS = YES_ERROR;
				CLANG_WARN_QUOTED_INCLUDE_IN_FRAMEWORK_HEADER = YES;
				CLANG_WARN_RANGE_LOOP_ANALYSIS = YES;
				CLANG_WARN_STRICT_PROTOTYPES = YES;
				CLANG_WARN_SUSPICIOUS_MOVE = YES;
				CLANG_WARN_UNGUARDED_AVAILABILITY = YES_AGGRESSIVE;
				CLANG_WARN_UNREACHABLE_CODE = YES;
				CLANG_WARN__DUPLICATE_METHOD_MATCH = YES;
				COPY_PHASE_STRIP = NO;
				DEBUG_INFORMATION_FORMAT = "dwarf-with-dsym";
				ENABLE_NS_ASSERTIONS = NO;
				ENABLE_STRICT_OBJC_MSGSEND = YES;
				GCC_C_LANGUAGE_STANDARD = gnu11;
				GCC_NO_COMMON_BLOCKS = YES;
				GCC_WARN_64_TO_32_BIT_CONVERSION = YES;
				GCC_WARN_ABOUT_RETURN_TYPE = YES_ERROR;
				GCC_WARN_UNDECLARED_SELECTOR = YES;
				GCC_WARN_UNINITIALIZED_AUTOS = YES_AGGRESSIVE;
				GCC_WARN_UNUSED_FUNCTION = YES;
				GCC_WARN_UNUSED_VARIABLE = YES;
				IPHONEOS_DEPLOYMENT_TARGET = 14.4;
				MTL_ENABLE_DEBUG_INFO = NO;
				MTL_FAST_MATH = YES;
				SDKROOT = iphoneos;
				SWIFT_COMPILATION_MODE = wholemodule;
				SWIFT_OPTIMIZATION_LEVEL = "-O";
				VALIDATE_PRODUCT = YES;
			};
			name = Release;
		};
		F2C005EB25F6C4E20025162A /* Debug */ = {
			isa = XCBuildConfiguration;
			buildSettings = {
				ASSETCATALOG_COMPILER_APPICON_NAME = AppIcon;
				ASSETCATALOG_COMPILER_GLOBAL_ACCENT_COLOR_NAME = AccentColor;
				CODE_SIGN_STYLE = Automatic;
				DEVELOPMENT_ASSET_PATHS = "\"Swiftui-project-2-v1/Preview Content\"";
				DEVELOPMENT_TEAM = 76LC8AC986;
				ENABLE_PREVIEWS = YES;
				INFOPLIST_FILE = "Swiftui-project-2-v1/Info.plist";
				IPHONEOS_DEPLOYMENT_TARGET = 14.0;
				LD_RUNPATH_SEARCH_PATHS = (
					"$(inherited)",
					"@executable_path/Frameworks",
				);
				PRODUCT_BUNDLE_IDENTIFIER = "com.codecademy.Swiftui-project-2-v1";
				PRODUCT_NAME = "$(TARGET_NAME)";
				SWIFT_VERSION = 5.0;
				TARGETED_DEVICE_FAMILY = "1,2";
			};
			name = Debug;
		};
		F2C005EC25F6C4E20025162A /* Release */ = {
			isa = XCBuildConfiguration;
			buildSettings = {
				ASSETCATALOG_COMPILER_APPICON_NAME = AppIcon;
				ASSETCATALOG_COMPILER_GLOBAL_ACCENT_COLOR_NAME = AccentColor;
				CODE_SIGN_STYLE = Automatic;
				DEVELOPMENT_ASSET_PATHS = "\"Swiftui-project-2-v1/Preview Content\"";
				DEVELOPMENT_TEAM = 76LC8AC986;
				ENABLE_PREVIEWS = YES;
				INFOPLIST_FILE = "Swiftui-project-2-v1/Info.plist";
				IPHONEOS_DEPLOYMENT_TARGET = 14.0;
				LD_RUNPATH_SEARCH_PATHS = (
					"$(inherited)",
					"@executable_path/Frameworks",
				);
				PRODUCT_BUNDLE_IDENTIFIER = "com.codecademy.Swiftui-project-2-v1";
				PRODUCT_NAME = "$(TARGET_NAME)";
				SWIFT_VERSION = 5.0;
				TARGETED_DEVICE_FAMILY = "1,2";
			};
			name = Release;
		};
/* End XCBuildConfiguration section */

/* Begin XCConfigurationList section */
		F2C005D625F6C4E10025162A /* Build configuration list for PBXProject "Swiftui-project-2-v1" */ = {
			isa = XCConfigurationList;
			buildConfigurations = (
				F2C005E825F6C4E20025162A /* Debug */,
				F2C005E925F6C4E20025162A /* Release */,
			);
			defaultConfigurationIsVisible = 0;
			defaultConfigurationName = Release;
		};
		F2C005EA25F6C4E20025162A /* Build configuration list for PBXNativeTarget "Swiftui-project-2-v1" */ = {
			isa = XCConfigurationList;
			buildConfigurations = (
				F2C005EB25F6C4E20025162A /* Debug */,
				F2C005EC25F6C4E20025162A /* Release */,
			);
			defaultConfigurationIsVisible = 0;
			defaultConfigurationName = Release;
		};
/* End XCConfigurationList section */
	};
	rootObject = F2C005D325F6C4E10025162A /* Project object */;
}
